// !$*UTF8*$!
{
	archiveVersion = 1;
	classes = {
	};
	objectVersion = 48;
	objects = {

/* Begin PBXBuildFile section */
		3F810E24206AE3810073D88B /* AsyncData.swift in Sources */ = {isa = PBXBuildFile; fileRef = 3F810E23206AE3810073D88B /* AsyncData.swift */; };
		ED03BE10206443F700C8755A /* AppDelegate.swift in Sources */ = {isa = PBXBuildFile; fileRef = ED03BE0F206443F700C8755A /* AppDelegate.swift */; };
		ED03BE15206443F700C8755A /* Main.storyboard in Resources */ = {isa = PBXBuildFile; fileRef = ED03BE13206443F700C8755A /* Main.storyboard */; };
		ED03BE17206443F700C8755A /* Assets.xcassets in Resources */ = {isa = PBXBuildFile; fileRef = ED03BE16206443F700C8755A /* Assets.xcassets */; };
		ED03BE1A206443F700C8755A /* LaunchScreen.storyboard in Resources */ = {isa = PBXBuildFile; fileRef = ED03BE18206443F700C8755A /* LaunchScreen.storyboard */; };
		ED03BE28206453EC00C8755A /* DownloadViewController.swift in Sources */ = {isa = PBXBuildFile; fileRef = ED03BE27206453EC00C8755A /* DownloadViewController.swift */; };
		ED03BE2A206454D700C8755A /* StrategiesViewController.swift in Sources */ = {isa = PBXBuildFile; fileRef = ED03BE29206454D700C8755A /* StrategiesViewController.swift */; };
		ED03BE2C20645EBE00C8755A /* RemoteImages.swift in Sources */ = {isa = PBXBuildFile; fileRef = ED03BE2B20645EBE00C8755A /* RemoteImages.swift */; };
/* End PBXBuildFile section */

/* Begin PBXFileReference section */
		3F810E23206AE3810073D88B /* AsyncData.swift */ = {isa = PBXFileReference; lastKnownFileType = sourcecode.swift; path = AsyncData.swift; sourceTree = "<group>"; };
		ED03BE0C206443F700C8755A /* GCDSample.app */ = {isa = PBXFileReference; explicitFileType = wrapper.application; includeInIndex = 0; path = GCDSample.app; sourceTree = BUILT_PRODUCTS_DIR; };
		ED03BE0F206443F700C8755A /* AppDelegate.swift */ = {isa = PBXFileReference; lastKnownFileType = sourcecode.swift; path = AppDelegate.swift; sourceTree = "<group>"; };
		ED03BE14206443F700C8755A /* Base */ = {isa = PBXFileReference; lastKnownFileType = file.storyboard; name = Base; path = Base.lproj/Main.storyboard; sourceTree = "<group>"; };
		ED03BE16206443F700C8755A /* Assets.xcassets */ = {isa = PBXFileReference; lastKnownFileType = folder.assetcatalog; path = Assets.xcassets; sourceTree = "<group>"; };
		ED03BE19206443F700C8755A /* Base */ = {isa = PBXFileReference; lastKnownFileType = file.storyboard; name = Base; path = Base.lproj/LaunchScreen.storyboard; sourceTree = "<group>"; };
		ED03BE1B206443F700C8755A /* Info.plist */ = {isa = PBXFileReference; lastKnownFileType = text.plist.xml; path = Info.plist; sourceTree = "<group>"; };
		ED03BE27206453EC00C8755A /* DownloadViewController.swift */ = {isa = PBXFileReference; lastKnownFileType = sourcecode.swift; path = DownloadViewController.swift; sourceTree = "<group>"; };
		ED03BE29206454D700C8755A /* StrategiesViewController.swift */ = {isa = PBXFileReference; lastKnownFileType = sourcecode.swift; path = StrategiesViewController.swift; sourceTree = "<group>"; };
		ED03BE2B20645EBE00C8755A /* RemoteImages.swift */ = {isa = PBXFileReference; lastKnownFileType = sourcecode.swift; path = RemoteImages.swift; sourceTree = "<group>"; };
/* End PBXFileReference section */

/* Begin PBXFrameworksBuildPhase section */
		ED03BE09206443F700C8755A /* Frameworks */ = {
			isa = PBXFrameworksBuildPhase;
			buildActionMask = 2147483647;
			files = (
			);
			runOnlyForDeploymentPostprocessing = 0;
		};
/* End PBXFrameworksBuildPhase section */

/* Begin PBXGroup section */
		3F810E21206AE3230073D88B /* Domain */ = {
			isa = PBXGroup;
			children = (
				3F810E22206AE35A0073D88B /* Network */,
				ED03BE222064519C00C8755A /* Models */,
			);
			path = Domain;
			sourceTree = "<group>";
		};
		3F810E22206AE35A0073D88B /* Network */ = {
			isa = PBXGroup;
			children = (
				3F810E23206AE3810073D88B /* AsyncData.swift */,
			);
			path = Network;
			sourceTree = "<group>";
		};
		ED03BE03206443F700C8755A = {
			isa = PBXGroup;
			children = (
				ED03BE0E206443F700C8755A /* GCDSample */,
				ED03BE0D206443F700C8755A /* Products */,
			);
			sourceTree = "<group>";
		};
		ED03BE0D206443F700C8755A /* Products */ = {
			isa = PBXGroup;
			children = (
				ED03BE0C206443F700C8755A /* GCDSample.app */,
			);
			name = Products;
			sourceTree = "<group>";
		};
		ED03BE0E206443F700C8755A /* GCDSample */ = {
			isa = PBXGroup;
			children = (
				3F810E21206AE3230073D88B /* Domain */,
				ED03BE212064518F00C8755A /* Controllers */,
				ED03BE0F206443F700C8755A /* AppDelegate.swift */,
				ED03BE13206443F700C8755A /* Main.storyboard */,
				ED03BE16206443F700C8755A /* Assets.xcassets */,
				ED03BE18206443F700C8755A /* LaunchScreen.storyboard */,
				ED03BE1B206443F700C8755A /* Info.plist */,
			);
			path = GCDSample;
			sourceTree = "<group>";
		};
		ED03BE212064518F00C8755A /* Controllers */ = {
			isa = PBXGroup;
			children = (
				ED03BE27206453EC00C8755A /* DownloadViewController.swift */,
				ED03BE29206454D700C8755A /* StrategiesViewController.swift */,
			);
			path = Controllers;
			sourceTree = "<group>";
		};
		ED03BE222064519C00C8755A /* Models */ = {
			isa = PBXGroup;
			children = (
				ED03BE2B20645EBE00C8755A /* RemoteImages.swift */,
			);
			path = Models;
			sourceTree = "<group>";
		};
/* End PBXGroup section */

/* Begin PBXNativeTarget section */
		ED03BE0B206443F700C8755A /* GCDSample */ = {
			isa = PBXNativeTarget;
			buildConfigurationList = ED03BE1E206443F700C8755A /* Build configuration list for PBXNativeTarget "GCDSample" */;
			buildPhases = (
				ED03BE08206443F700C8755A /* Sources */,
				ED03BE09206443F700C8755A /* Frameworks */,
				ED03BE0A206443F700C8755A /* Resources */,
			);
			buildRules = (
			);
			dependencies = (
			);
			name = GCDSample;
			productName = GCDSample;
			productReference = ED03BE0C206443F700C8755A /* GCDSample.app */;
			productType = "com.apple.product-type.application";
		};
/* End PBXNativeTarget section */

/* Begin PBXProject section */
		ED03BE04206443F700C8755A /* Project object */ = {
			isa = PBXProject;
			attributes = {
				LastSwiftUpdateCheck = 0920;
				LastUpgradeCheck = 0920;
				ORGANIZATIONNAME = "Fernando Rodriguez";
				TargetAttributes = {
					ED03BE0B206443F700C8755A = {
						CreatedOnToolsVersion = 9.2;
						ProvisioningStyle = Automatic;
					};
				};
			};
			buildConfigurationList = ED03BE07206443F700C8755A /* Build configuration list for PBXProject "GCDSample" */;
			compatibilityVersion = "Xcode 8.0";
			developmentRegion = en;
			hasScannedForEncodings = 0;
			knownRegions = (
				en,
				Base,
			);
			mainGroup = ED03BE03206443F700C8755A;
			productRefGroup = ED03BE0D206443F700C8755A /* Products */;
			projectDirPath = "";
			projectRoot = "";
			targets = (
				ED03BE0B206443F700C8755A /* GCDSample */,
			);
		};
/* End PBXProject section */

/* Begin PBXResourcesBuildPhase section */
		ED03BE0A206443F700C8755A /* Resources */ = {
			isa = PBXResourcesBuildPhase;
			buildActionMask = 2147483647;
			files = (
				ED03BE1A206443F700C8755A /* LaunchScreen.storyboard in Resources */,
				ED03BE17206443F700C8755A /* Assets.xcassets in Resources */,
				ED03BE15206443F700C8755A /* Main.storyboard in Resources */,
			);
			runOnlyForDeploymentPostprocessing = 0;
		};
/* End PBXResourcesBuildPhase section */

/* Begin PBXSourcesBuildPhase section */
		ED03BE08206443F700C8755A /* Sources */ = {
			isa = PBXSourcesBuildPhase;
			buildActionMask = 2147483647;
			files = (
				ED03BE28206453EC00C8755A /* DownloadViewController.swift in Sources */,
				ED03BE10206443F700C8755A /* AppDelegate.swift in Sources */,
				3F810E24206AE3810073D88B /* AsyncData.swift in Sources */,
				ED03BE2A206454D700C8755A /* StrategiesViewController.swift in Sources */,
				ED03BE2C20645EBE00C8755A /* RemoteImages.swift in Sources */,
			);
			runOnlyForDeploymentPostprocessing = 0;
		};
/* End PBXSourcesBuildPhase section */

/* Begin PBXVariantGroup section */
		ED03BE13206443F700C8755A /* Main.storyboard */ = {
			isa = PBXVariantGroup;
			children = (
				ED03BE14206443F700C8755A /* Base */,
			);
			name = Main.storyboard;
			sourceTree = "<group>";
		};
		ED03BE18206443F700C8755A /* LaunchScreen.storyboard */ = {
			isa = PBXVariantGroup;
			children = (
				ED03BE19206443F700C8755A /* Base */,
			);
			name = LaunchScreen.storyboard;
			sourceTree = "<group>";
		};
/* End PBXVariantGroup section */

/* Begin XCBuildConfiguration section */
		ED03BE1C206443F700C8755A /* Debug */ = {
			isa = XCBuildConfiguration;
			buildSettings = {
				ALWAYS_SEARCH_USER_PATHS = NO;
				CLANG_ANALYZER_NONNULL = YES;
				CLANG_ANALYZER_NUMBER_OBJECT_CONVERSION = YES_AGGRESSIVE;
				CLANG_CXX_LANGUAGE_STANDARD = "gnu++14";
				CLANG_CXX_LIBRARY = "libc++";
				CLANG_ENABLE_MODULES = YES;
				CLANG_ENABLE_OBJC_ARC = YES;
				CLANG_WARN_BLOCK_CAPTURE_AUTORELEASING = YES;
				CLANG_WARN_BOOL_CONVERSION = YES;
				CLANG_WARN_COMMA = YES;
				CLANG_WARN_CONSTANT_CONVERSION = YES;
				CLANG_WARN_DIRECT_OBJC_ISA_USAGE = YES_ERROR;
				CLANG_WARN_DOCUMENTATION_COMMENTS = YES;
				CLANG_WARN_EMPTY_BODY = YES;
				CLANG_WARN_ENUM_CONVERSION = YES;
				CLANG_WARN_INFINITE_RECURSION = YES;
				CLANG_WARN_INT_CONVERSION = YES;
				CLANG_WARN_NON_LITERAL_NULL_CONVERSION = YES;
				CLANG_WARN_OBJC_LITERAL_CONVERSION = YES;
				CLANG_WARN_OBJC_ROOT_CLASS = YES_ERROR;
				CLANG_WARN_RANGE_LOOP_ANALYSIS = YES;
				CLANG_WARN_STRICT_PROTOTYPES = YES;
				CLANG_WARN_SUSPICIOUS_MOVE = YES;
				CLANG_WARN_UNGUARDED_AVAILABILITY = YES_AGGRESSIVE;
				CLANG_WARN_UNREACHABLE_CODE = YES;
				CLANG_WARN__DUPLICATE_METHOD_MATCH = YES;
				CODE_SIGN_IDENTITY = "iPhone Developer";
				COPY_PHASE_STRIP = NO;
				DEBUG_INFORMATION_FORMAT = dwarf;
				ENABLE_STRICT_OBJC_MSGSEND = YES;
				ENABLE_TESTABILITY = YES;
				GCC_C_LANGUAGE_STANDARD = gnu11;
				GCC_DYNAMIC_NO_PIC = NO;
				GCC_NO_COMMON_BLOCKS = YES;
				GCC_OPTIMIZATION_LEVEL = 0;
				GCC_PREPROCESSOR_DEFINITIONS = (
					"DEBUG=1",
					"$(inherited)",
				);
				GCC_WARN_64_TO_32_BIT_CONVERSION = YES;
				GCC_WARN_ABOUT_RETURN_TYPE = YES_ERROR;
				GCC_WARN_UNDECLARED_SELECTOR = YES;
				GCC_WARN_UNINITIALIZED_AUTOS = YES_AGGRESSIVE;
				GCC_WARN_UNUSED_FUNCTION = YES;
				GCC_WARN_UNUSED_VARIABLE = YES;
				IPHONEOS_DEPLOYMENT_TARGET = 11.2;
				MTL_ENABLE_DEBUG_INFO = YES;
				ONLY_ACTIVE_ARCH = YES;
				SDKROOT = iphoneos;
				SWIFT_ACTIVE_COMPILATION_CONDITIONS = DEBUG;
				SWIFT_OPTIMIZATION_LEVEL = "-Onone";
			};
			name = Debug;
		};
		ED03BE1D206443F700C8755A /* Release */ = {
			isa = XCBuildConfiguration;
			buildSettings = {
				ALWAYS_SEARCH_USER_PATHS = NO;
				CLANG_ANALYZER_NONNULL = YES;
				CLANG_ANALYZER_NUMBER_OBJECT_CONVERSION = YES_AGGRESSIVE;
				CLANG_CXX_LANGUAGE_STANDARD = "gnu++14";
				CLANG_CXX_LIBRARY = "libc++";
				CLANG_ENABLE_MODULES = YES;
				CLANG_ENABLE_OBJC_ARC = YES;
				CLANG_WARN_BLOCK_CAPTURE_AUTORELEASING = YES;
				CLANG_WARN_BOOL_CONVERSION = YES;
				CLANG_WARN_COMMA = YES;
				CLANG_WARN_CONSTANT_CONVERSION = YES;
				CLANG_WARN_DIRECT_OBJC_ISA_USAGE = YES_ERROR;
				CLANG_WARN_DOCUMENTATION_COMMENTS = YES;
				CLANG_WARN_EMPTY_BODY = YES;
				CLANG_WARN_ENUM_CONVERSION = YES;
				CLANG_WARN_INFINITE_RECURSION = YES;
				CLANG_WARN_INT_CONVERSION = YES;
				CLANG_WARN_NON_LITERAL_NULL_CONVERSION = YES;
				CLANG_WARN_OBJC_LITERAL_CONVERSION = YES;
				CLANG_WARN_OBJC_ROOT_CLASS = YES_ERROR;
				CLANG_WARN_RANGE_LOOP_ANALYSIS = YES;
				CLANG_WARN_STRICT_PROTOTYPES = YES;
				CLANG_WARN_SUSPICIOUS_MOVE = YES;
				CLANG_WARN_UNGUARDED_AVAILABILITY = YES_AGGRESSIVE;
				CLANG_WARN_UNREACHABLE_CODE = YES;
				CLANG_WARN__DUPLICATE_METHOD_MATCH = YES;
				CODE_SIGN_IDENTITY = "iPhone Developer";
				COPY_PHASE_STRIP = NO;
				DEBUG_INFORMATION_FORMAT = "dwarf-with-dsym";
				ENABLE_NS_ASSERTIONS = NO;
				ENABLE_STRICT_OBJC_MSGSEND = YES;
				GCC_C_LANGUAGE_STANDARD = gnu11;
				GCC_NO_COMMON_BLOCKS = YES;
				GCC_WARN_64_TO_32_BIT_CONVERSION = YES;
				GCC_WARN_ABOUT_RETURN_TYPE = YES_ERROR;
				GCC_WARN_UNDECLARED_SELECTOR = YES;
				GCC_WARN_UNINITIALIZED_AUTOS = YES_AGGRESSIVE;
				GCC_WARN_UNUSED_FUNCTION = YES;
				GCC_WARN_UNUSED_VARIABLE = YES;
				IPHONEOS_DEPLOYMENT_TARGET = 11.2;
				MTL_ENABLE_DEBUG_INFO = NO;
				SDKROOT = iphoneos;
				SWIFT_OPTIMIZATION_LEVEL = "-Owholemodule";
				VALIDATE_PRODUCT = YES;
			};
			name = Release;
		};
		ED03BE1F206443F700C8755A /* Debug */ = {
			isa = XCBuildConfiguration;
			buildSettings = {
				ASSETCATALOG_COMPILER_APPICON_NAME = AppIcon;
				CODE_SIGN_STYLE = Automatic;
				DEVELOPMENT_TEAM = L74TMB66P4;
				INFOPLIST_FILE = GCDSample/Info.plist;
				LD_RUNPATH_SEARCH_PATHS = "$(inherited) @executable_path/Frameworks";
				PRODUCT_BUNDLE_IDENTIFIER = io.keepcoding.GCDSample;
				PRODUCT_NAME = "$(TARGET_NAME)";
				SWIFT_VERSION = 4.0;
				TARGETED_DEVICE_FAMILY = "1,2";
			};
			name = Debug;
		};
		ED03BE20206443F700C8755A /* Release */ = {
			isa = XCBuildConfiguration;
			buildSettings = {
				ASSETCATALOG_COMPILER_APPICON_NAME = AppIcon;
				CODE_SIGN_STYLE = Automatic;
				DEVELOPMENT_TEAM = L74TMB66P4;
				INFOPLIST_FILE = GCDSample/Info.plist;
				LD_RUNPATH_SEARCH_PATHS = "$(inherited) @executable_path/Frameworks";
				PRODUCT_BUNDLE_IDENTIFIER = io.keepcoding.GCDSample;
				PRODUCT_NAME = "$(TARGET_NAME)";
				SWIFT_VERSION = 4.0;
				TARGETED_DEVICE_FAMILY = "1,2";
			};
			name = Release;
		};
/* End XCBuildConfiguration section */

/* Begin XCConfigurationList section */
		ED03BE07206443F700C8755A /* Build configuration list for PBXProject "GCDSample" */ = {
			isa = XCConfigurationList;
			buildConfigurations = (
				ED03BE1C206443F700C8755A /* Debug */,
				ED03BE1D206443F700C8755A /* Release */,
			);
			defaultConfigurationIsVisible = 0;
			defaultConfigurationName = Release;
		};
		ED03BE1E206443F700C8755A /* Build configuration list for PBXNativeTarget "GCDSample" */ = {
			isa = XCConfigurationList;
			buildConfigurations = (
				ED03BE1F206443F700C8755A /* Debug */,
				ED03BE20206443F700C8755A /* Release */,
			);
			defaultConfigurationIsVisible = 0;
			defaultConfigurationName = Release;
		};
/* End XCConfigurationList section */
	};
	rootObject = ED03BE04206443F700C8755A /* Project object */;
}
